// !$*UTF8*$!
{
	archiveVersion = 1;
	classes = {
	};
	objectVersion = 56;
	objects = {

/* Begin PBXAggregateTarget section */
		7AB564F12B5C5D86009316A1 /* SwiftGen Generate */ = {
			isa = PBXAggregateTarget;
			buildConfigurationList = 7AB564F22B5C5D86009316A1 /* Build configuration list for PBXAggregateTarget "SwiftGen Generate" */;
			buildPhases = (
				7AB564F52B5C5D95009316A1 /* ShellScript */,
			);
			dependencies = (
			);
			name = "SwiftGen Generate";
			productName = "SwiftGen Generate";
		};
/* End PBXAggregateTarget section */

/* Begin PBXBuildFile section */
		7AB565082B5D41D1009316A1 /* EmptyScreen.swift in Sources */ = {isa = PBXBuildFile; fileRef = 7AB565072B5D41D1009316A1 /* EmptyScreen.swift */; };
		7AB5650B2B5D45B4009316A1 /* AuthenticationScreen.swift in Sources */ = {isa = PBXBuildFile; fileRef = 7AB5650A2B5D45B4009316A1 /* AuthenticationScreen.swift */; };
		7AB565102B5D80EE009316A1 /* FirebaseAnalytics in Frameworks */ = {isa = PBXBuildFile; productRef = 7AB5650F2B5D80EE009316A1 /* FirebaseAnalytics */; };
		7AB565122B5D80EE009316A1 /* FirebaseAnalyticsSwift in Frameworks */ = {isa = PBXBuildFile; productRef = 7AB565112B5D80EE009316A1 /* FirebaseAnalyticsSwift */; };
		7AB565142B5D80EE009316A1 /* FirebaseAuth in Frameworks */ = {isa = PBXBuildFile; productRef = 7AB565132B5D80EE009316A1 /* FirebaseAuth */; };
		7AB565162B5D80EE009316A1 /* FirebaseCrashlytics in Frameworks */ = {isa = PBXBuildFile; productRef = 7AB565152B5D80EE009316A1 /* FirebaseCrashlytics */; };
		7AB565182B5D80EE009316A1 /* FirebaseDatabaseSwift in Frameworks */ = {isa = PBXBuildFile; productRef = 7AB565172B5D80EE009316A1 /* FirebaseDatabaseSwift */; };
		7AB5651A2B5D80EE009316A1 /* FirebaseFirestore in Frameworks */ = {isa = PBXBuildFile; productRef = 7AB565192B5D80EE009316A1 /* FirebaseFirestore */; };
		7AB5651C2B5D80EE009316A1 /* FirebaseFirestoreSwift in Frameworks */ = {isa = PBXBuildFile; productRef = 7AB5651B2B5D80EE009316A1 /* FirebaseFirestoreSwift */; };
		7AB5651E2B5D80EE009316A1 /* FirebaseStorage in Frameworks */ = {isa = PBXBuildFile; productRef = 7AB5651D2B5D80EE009316A1 /* FirebaseStorage */; };
		7AC1B8842B5C321000C8F568 /* RoomieRadarApp.swift in Sources */ = {isa = PBXBuildFile; fileRef = 7AC1B8832B5C321000C8F568 /* RoomieRadarApp.swift */; };
		7AC1B88B2B5C321100C8F568 /* Preview Assets.xcassets in Resources */ = {isa = PBXBuildFile; fileRef = 7AC1B88A2B5C321100C8F568 /* Preview Assets.xcassets */; };
		7AC1B8A42B5C460800C8F568 /* BottomTabbar.swift in Sources */ = {isa = PBXBuildFile; fileRef = 7AC1B8A32B5C460800C8F568 /* BottomTabbar.swift */; };
		7ADCBE742B5EAA1B00AF2C3A /* GoogleService-Info.plist in Resources */ = {isa = PBXBuildFile; fileRef = 7A4AB6B62B5EA98D006C1425 /* GoogleService-Info.plist */; };
		7ADCBE7B2B618D6200AF2C3A /* AuthenticationViewModel.swift in Sources */ = {isa = PBXBuildFile; fileRef = 7ADCBE7A2B618D6200AF2C3A /* AuthenticationViewModel.swift */; };
		7ADCBE8E2B63968000AF2C3A /* RoomieRadarCoreData in Frameworks */ = {isa = PBXBuildFile; productRef = 7ADCBE8D2B63968000AF2C3A /* RoomieRadarCoreData */; };
		7AEE63472B63D77C0024A43D /* Styleguide in Frameworks */ = {isa = PBXBuildFile; productRef = 7AEE63462B63D77C0024A43D /* Styleguide */; };
		7AEE63492B63D7800024A43D /* UIComponents in Frameworks */ = {isa = PBXBuildFile; productRef = 7AEE63482B63D7800024A43D /* UIComponents */; };
		7AEE634E2B63EA240024A43D /* ProfileScreen.swift in Sources */ = {isa = PBXBuildFile; fileRef = 7AEE634D2B63EA240024A43D /* ProfileScreen.swift */; };
		7AEE63502B641B6B0024A43D /* ProfileScreenViewModel.swift in Sources */ = {isa = PBXBuildFile; fileRef = 7AEE634F2B641B6B0024A43D /* ProfileScreenViewModel.swift */; };
		7AEE63522B644D8C0024A43D /* WGSearcherProfileScreen.swift in Sources */ = {isa = PBXBuildFile; fileRef = 7AEE63512B644D8C0024A43D /* WGSearcherProfileScreen.swift */; };
/* End PBXBuildFile section */

/* Begin PBXContainerItemProxy section */
		7AB564F62B5C5DBF009316A1 /* PBXContainerItemProxy */ = {
			isa = PBXContainerItemProxy;
			containerPortal = 7AC1B8782B5C321000C8F568 /* Project object */;
			proxyType = 1;
			remoteGlobalIDString = 7AB564F12B5C5D86009316A1;
			remoteInfo = "SwiftGen Generate";
		};
/* End PBXContainerItemProxy section */

/* Begin PBXFileReference section */
		7A2B46032B63D63B007E0A31 /* RoomieRadar.app */ = {isa = PBXFileReference; explicitFileType = wrapper.application; includeInIndex = 0; path = RoomieRadar.app; sourceTree = BUILT_PRODUCTS_DIR; };
		7A4AB6B62B5EA98D006C1425 /* GoogleService-Info.plist */ = {isa = PBXFileReference; lastKnownFileType = text.plist.xml; path = "GoogleService-Info.plist"; sourceTree = "<group>"; };
		7AB565072B5D41D1009316A1 /* EmptyScreen.swift */ = {isa = PBXFileReference; lastKnownFileType = sourcecode.swift; path = EmptyScreen.swift; sourceTree = "<group>"; };
		7AB5650A2B5D45B4009316A1 /* AuthenticationScreen.swift */ = {isa = PBXFileReference; lastKnownFileType = sourcecode.swift; path = AuthenticationScreen.swift; sourceTree = "<group>"; };
		7AB565242B5D8E03009316A1 /* swiftlint.yml */ = {isa = PBXFileReference; lastKnownFileType = text.yaml; path = swiftlint.yml; sourceTree = "<group>"; };
		7AC1B8832B5C321000C8F568 /* RoomieRadarApp.swift */ = {isa = PBXFileReference; indentWidth = 2; lastKnownFileType = sourcecode.swift; path = RoomieRadarApp.swift; sourceTree = "<group>"; };
		7AC1B88A2B5C321100C8F568 /* Preview Assets.xcassets */ = {isa = PBXFileReference; lastKnownFileType = folder.assetcatalog; path = "Preview Assets.xcassets"; sourceTree = "<group>"; };
		7AC1B8A32B5C460800C8F568 /* BottomTabbar.swift */ = {isa = PBXFileReference; lastKnownFileType = sourcecode.swift; path = BottomTabbar.swift; sourceTree = "<group>"; };
		7ADCBE7A2B618D6200AF2C3A /* AuthenticationViewModel.swift */ = {isa = PBXFileReference; lastKnownFileType = sourcecode.swift; path = AuthenticationViewModel.swift; sourceTree = "<group>"; };
		7ADCBE862B63962800AF2C3A /* RoomieRadarCoreData */ = {isa = PBXFileReference; lastKnownFileType = wrapper; name = RoomieRadarCoreData; path = Packages/RoomieRadarCoreData; sourceTree = "<group>"; };
		7ADCBE872B63962800AF2C3A /* Styleguide */ = {isa = PBXFileReference; lastKnownFileType = wrapper; name = Styleguide; path = Packages/Styleguide; sourceTree = "<group>"; };
		7ADCBE882B63962800AF2C3A /* UIComponents */ = {isa = PBXFileReference; lastKnownFileType = wrapper; name = UIComponents; path = Packages/UIComponents; sourceTree = "<group>"; };
		7AEE634D2B63EA240024A43D /* ProfileScreen.swift */ = {isa = PBXFileReference; lastKnownFileType = sourcecode.swift; path = ProfileScreen.swift; sourceTree = "<group>"; };
		7AEE634F2B641B6B0024A43D /* ProfileScreenViewModel.swift */ = {isa = PBXFileReference; lastKnownFileType = sourcecode.swift; path = ProfileScreenViewModel.swift; sourceTree = "<group>"; };
		7AEE63512B644D8C0024A43D /* WGSearcherProfileScreen.swift */ = {isa = PBXFileReference; lastKnownFileType = sourcecode.swift; path = WGSearcherProfileScreen.swift; sourceTree = "<group>"; };
/* End PBXFileReference section */

/* Begin PBXFrameworksBuildPhase section */
		7AC1B87D2B5C321000C8F568 /* Frameworks */ = {
			isa = PBXFrameworksBuildPhase;
			buildActionMask = 2147483647;
			files = (
				7AB565182B5D80EE009316A1 /* FirebaseDatabaseSwift in Frameworks */,
				7AEE63472B63D77C0024A43D /* Styleguide in Frameworks */,
				7AB565122B5D80EE009316A1 /* FirebaseAnalyticsSwift in Frameworks */,
				7AB5651E2B5D80EE009316A1 /* FirebaseStorage in Frameworks */,
				7AB565102B5D80EE009316A1 /* FirebaseAnalytics in Frameworks */,
				7AB565162B5D80EE009316A1 /* FirebaseCrashlytics in Frameworks */,
				7AB565142B5D80EE009316A1 /* FirebaseAuth in Frameworks */,
				7AEE63492B63D7800024A43D /* UIComponents in Frameworks */,
				7ADCBE8E2B63968000AF2C3A /* RoomieRadarCoreData in Frameworks */,
				7AB5651A2B5D80EE009316A1 /* FirebaseFirestore in Frameworks */,
				7AB5651C2B5D80EE009316A1 /* FirebaseFirestoreSwift in Frameworks */,
			);
			runOnlyForDeploymentPostprocessing = 0;
		};
/* End PBXFrameworksBuildPhase section */

/* Begin PBXGroup section */
		7A32DA282B5D935B00598053 /* Frameworks */ = {
			isa = PBXGroup;
			children = (
			);
			name = Frameworks;
			sourceTree = "<group>";
		};
		7AB565092B5D45A6009316A1 /* Authentication */ = {
			isa = PBXGroup;
			children = (
				7AB5650A2B5D45B4009316A1 /* AuthenticationScreen.swift */,
				7ADCBE7A2B618D6200AF2C3A /* AuthenticationViewModel.swift */,
			);
			path = Authentication;
			sourceTree = "<group>";
		};
		7AC1B8772B5C321000C8F568 = {
			isa = PBXGroup;
			children = (
				7AEE634C2B63EA190024A43D /* Profile */,
				7AC1B8822B5C321000C8F568 /* App */,
				7AC1B8912B5C426E00C8F568 /* Configurations */,
				7AB565092B5D45A6009316A1 /* Authentication */,
				7A32DA282B5D935B00598053 /* Frameworks */,
				7ADCBE862B63962800AF2C3A /* RoomieRadarCoreData */,
				7ADCBE872B63962800AF2C3A /* Styleguide */,
				7ADCBE882B63962800AF2C3A /* UIComponents */,
				7A2B46032B63D63B007E0A31 /* RoomieRadar.app */,
			);
			sourceTree = "<group>";
		};
		7AC1B8822B5C321000C8F568 /* App */ = {
			isa = PBXGroup;
			children = (
				7AC1B8832B5C321000C8F568 /* RoomieRadarApp.swift */,
				7AC1B8A32B5C460800C8F568 /* BottomTabbar.swift */,
				7AB565072B5D41D1009316A1 /* EmptyScreen.swift */,
				7AC1B8892B5C321100C8F568 /* Preview Content */,
			);
			path = App;
			sourceTree = "<group>";
		};
		7AC1B8892B5C321100C8F568 /* Preview Content */ = {
			isa = PBXGroup;
			children = (
				7AC1B88A2B5C321100C8F568 /* Preview Assets.xcassets */,
			);
			path = "Preview Content";
			sourceTree = "<group>";
		};
		7AC1B8912B5C426E00C8F568 /* Configurations */ = {
			isa = PBXGroup;
			children = (
				7A4AB6B62B5EA98D006C1425 /* GoogleService-Info.plist */,
				7AB565242B5D8E03009316A1 /* swiftlint.yml */,
			);
			path = Configurations;
			sourceTree = "<group>";
		};
		7AEE634C2B63EA190024A43D /* Profile */ = {
			isa = PBXGroup;
			children = (
				7AEE634D2B63EA240024A43D /* ProfileScreen.swift */,
				7AEE634F2B641B6B0024A43D /* ProfileScreenViewModel.swift */,
				7AEE63512B644D8C0024A43D /* WGSearcherProfileScreen.swift */,
			);
			path = Profile;
			sourceTree = "<group>";
		};
/* End PBXGroup section */

/* Begin PBXNativeTarget section */
		7AC1B87F2B5C321000C8F568 /* RoomieRadar */ = {
			isa = PBXNativeTarget;
			buildConfigurationList = 7AC1B88E2B5C321100C8F568 /* Build configuration list for PBXNativeTarget "RoomieRadar" */;
			buildPhases = (
				7AC1B8A82B5C475800C8F568 /* SwiftLint */,
				7AC1B87C2B5C321000C8F568 /* Sources */,
				7AC1B87D2B5C321000C8F568 /* Frameworks */,
				7AC1B87E2B5C321000C8F568 /* Resources */,
			);
			buildRules = (
			);
			dependencies = (
				7AB564F72B5C5DBF009316A1 /* PBXTargetDependency */,
			);
			name = RoomieRadar;
			packageProductDependencies = (
				7AB5650F2B5D80EE009316A1 /* FirebaseAnalytics */,
				7AB565112B5D80EE009316A1 /* FirebaseAnalyticsSwift */,
				7AB565132B5D80EE009316A1 /* FirebaseAuth */,
				7AB565152B5D80EE009316A1 /* FirebaseCrashlytics */,
				7AB565172B5D80EE009316A1 /* FirebaseDatabaseSwift */,
				7AB565192B5D80EE009316A1 /* FirebaseFirestore */,
				7AB5651B2B5D80EE009316A1 /* FirebaseFirestoreSwift */,
				7AB5651D2B5D80EE009316A1 /* FirebaseStorage */,
				7ADCBE8D2B63968000AF2C3A /* RoomieRadarCoreData */,
				7AEE63462B63D77C0024A43D /* Styleguide */,
				7AEE63482B63D7800024A43D /* UIComponents */,
			);
			productName = RoomieRadar;
			productReference = 7A2B46032B63D63B007E0A31 /* RoomieRadar.app */;
			productType = "com.apple.product-type.application";
		};
/* End PBXNativeTarget section */

/* Begin PBXProject section */
		7AC1B8782B5C321000C8F568 /* Project object */ = {
			isa = PBXProject;
			attributes = {
				BuildIndependentTargetsInParallel = 1;
				LastSwiftUpdateCheck = 1520;
				LastUpgradeCheck = 1520;
				TargetAttributes = {
					7AB564F12B5C5D86009316A1 = {
						CreatedOnToolsVersion = 15.2;
					};
					7AC1B87F2B5C321000C8F568 = {
						CreatedOnToolsVersion = 15.2;
					};
				};
			};
			buildConfigurationList = 7AC1B87B2B5C321000C8F568 /* Build configuration list for PBXProject "RoomieRadar" */;
			compatibilityVersion = "Xcode 14.0";
			developmentRegion = de;
			hasScannedForEncodings = 0;
			knownRegions = (
				en,
				Base,
				de,
			);
			mainGroup = 7AC1B8772B5C321000C8F568;
			packageReferences = (
				7AB5650E2B5D80EE009316A1 /* XCRemoteSwiftPackageReference "firebase-ios-sdk" */,
			);
			productRefGroup = 7AC1B8772B5C321000C8F568;
			projectDirPath = "";
			projectRoot = "";
			targets = (
				7AC1B87F2B5C321000C8F568 /* RoomieRadar */,
				7AB564F12B5C5D86009316A1 /* SwiftGen Generate */,
			);
		};
/* End PBXProject section */

/* Begin PBXResourcesBuildPhase section */
		7AC1B87E2B5C321000C8F568 /* Resources */ = {
			isa = PBXResourcesBuildPhase;
			buildActionMask = 2147483647;
			files = (
				7AC1B88B2B5C321100C8F568 /* Preview Assets.xcassets in Resources */,
				7ADCBE742B5EAA1B00AF2C3A /* GoogleService-Info.plist in Resources */,
			);
			runOnlyForDeploymentPostprocessing = 0;
		};
/* End PBXResourcesBuildPhase section */

/* Begin PBXShellScriptBuildPhase section */
		7AB564F52B5C5D95009316A1 /* ShellScript */ = {
			isa = PBXShellScriptBuildPhase;
			alwaysOutOfDate = 1;
			buildActionMask = 2147483647;
			files = (
			);
			inputFileListPaths = (
			);
			inputPaths = (
			);
			outputFileListPaths = (
			);
			outputPaths = (
			);
			runOnlyForDeploymentPostprocessing = 0;
			shellPath = /bin/sh;
			shellScript = "if [[ \"$(uname -m)\" == arm64 ]]; then\n    export PATH=\"/opt/homebrew/bin:$PATH\"\nfi\n\nif which swiftlint > /dev/null; then\n  swiftgen config run --config \"${PROJECT_DIR}/Packages/Styleguide/swiftgen.yml\"    \nelse\n    echo \"warning: Error running SwiftGen\"\nfi\n\n\n\n";
		};
		7AC1B8A82B5C475800C8F568 /* SwiftLint */ = {
			isa = PBXShellScriptBuildPhase;
			alwaysOutOfDate = 1;
			buildActionMask = 2147483647;
			files = (
			);
			inputFileListPaths = (
			);
			inputPaths = (
			);
			name = SwiftLint;
			outputFileListPaths = (
			);
			outputPaths = (
			);
			runOnlyForDeploymentPostprocessing = 0;
			shellPath = /bin/sh;
			shellScript = "if [[ \"$(uname -m)\" == arm64 ]]; then\n    PATH=\"/opt/homebrew/bin:$PATH\"\nfi\n\nif which swiftlint > /dev/null; then\n  swiftlint\nelse\n  echo \"warning: SwiftLint not installed, download from https://github.com/realm/SwiftLint\"\nfi\n";
		};
/* End PBXShellScriptBuildPhase section */

/* Begin PBXSourcesBuildPhase section */
		7AC1B87C2B5C321000C8F568 /* Sources */ = {
			isa = PBXSourcesBuildPhase;
			buildActionMask = 2147483647;
			files = (
				7AC1B8A42B5C460800C8F568 /* BottomTabbar.swift in Sources */,
				7AEE634E2B63EA240024A43D /* ProfileScreen.swift in Sources */,
				7ADCBE7B2B618D6200AF2C3A /* AuthenticationViewModel.swift in Sources */,
				7AEE63502B641B6B0024A43D /* ProfileScreenViewModel.swift in Sources */,
				7AEE63522B644D8C0024A43D /* WGSearcherProfileScreen.swift in Sources */,
				7AB5650B2B5D45B4009316A1 /* AuthenticationScreen.swift in Sources */,
				7AB565082B5D41D1009316A1 /* EmptyScreen.swift in Sources */,
				7AC1B8842B5C321000C8F568 /* RoomieRadarApp.swift in Sources */,
			);
			runOnlyForDeploymentPostprocessing = 0;
		};
/* End PBXSourcesBuildPhase section */

/* Begin PBXTargetDependency section */
		7AB564F72B5C5DBF009316A1 /* PBXTargetDependency */ = {
			isa = PBXTargetDependency;
			target = 7AB564F12B5C5D86009316A1 /* SwiftGen Generate */;
			targetProxy = 7AB564F62B5C5DBF009316A1 /* PBXContainerItemProxy */;
		};
/* End PBXTargetDependency section */

/* Begin XCBuildConfiguration section */
		7AB564F32B5C5D86009316A1 /* Debug */ = {
			isa = XCBuildConfiguration;
			buildSettings = {
				CODE_SIGN_STYLE = Automatic;
				DEVELOPMENT_TEAM = 9RY44N87S7;
				ENABLE_USER_SCRIPT_SANDBOXING = NO;
				PRODUCT_NAME = "$(TARGET_NAME)";
			};
			name = Debug;
		};
		7AB564F42B5C5D86009316A1 /* Release */ = {
			isa = XCBuildConfiguration;
			buildSettings = {
				CODE_SIGN_STYLE = Automatic;
				DEVELOPMENT_TEAM = 9RY44N87S7;
				ENABLE_USER_SCRIPT_SANDBOXING = NO;
				PRODUCT_NAME = "$(TARGET_NAME)";
			};
			name = Release;
		};
		7AC1B88C2B5C321100C8F568 /* Debug */ = {
			isa = XCBuildConfiguration;
			buildSettings = {
				ALWAYS_SEARCH_USER_PATHS = NO;
				ASSETCATALOG_COMPILER_GENERATE_SWIFT_ASSET_SYMBOL_EXTENSIONS = YES;
				CLANG_ANALYZER_NONNULL = YES;
				CLANG_ANALYZER_NUMBER_OBJECT_CONVERSION = YES_AGGRESSIVE;
				CLANG_CXX_LANGUAGE_STANDARD = "gnu++20";
				CLANG_ENABLE_MODULES = YES;
				CLANG_ENABLE_OBJC_ARC = YES;
				CLANG_ENABLE_OBJC_WEAK = YES;
				CLANG_WARN_BLOCK_CAPTURE_AUTORELEASING = YES;
				CLANG_WARN_BOOL_CONVERSION = YES;
				CLANG_WARN_COMMA = YES;
				CLANG_WARN_CONSTANT_CONVERSION = YES;
				CLANG_WARN_DEPRECATED_OBJC_IMPLEMENTATIONS = YES;
				CLANG_WARN_DIRECT_OBJC_ISA_USAGE = YES_ERROR;
				CLANG_WARN_DOCUMENTATION_COMMENTS = YES;
				CLANG_WARN_EMPTY_BODY = YES;
				CLANG_WARN_ENUM_CONVERSION = YES;
				CLANG_WARN_INFINITE_RECURSION = YES;
				CLANG_WARN_INT_CONVERSION = YES;
				CLANG_WARN_NON_LITERAL_NULL_CONVERSION = YES;
				CLANG_WARN_OBJC_IMPLICIT_RETAIN_SELF = YES;
				CLANG_WARN_OBJC_LITERAL_CONVERSION = YES;
				CLANG_WARN_OBJC_ROOT_CLASS = YES_ERROR;
				CLANG_WARN_QUOTED_INCLUDE_IN_FRAMEWORK_HEADER = YES;
				CLANG_WARN_RANGE_LOOP_ANALYSIS = YES;
				CLANG_WARN_STRICT_PROTOTYPES = YES;
				CLANG_WARN_SUSPICIOUS_MOVE = YES;
				CLANG_WARN_UNGUARDED_AVAILABILITY = YES_AGGRESSIVE;
				CLANG_WARN_UNREACHABLE_CODE = YES;
				CLANG_WARN__DUPLICATE_METHOD_MATCH = YES;
				COPY_PHASE_STRIP = NO;
				DEBUG_INFORMATION_FORMAT = dwarf;
				ENABLE_STRICT_OBJC_MSGSEND = YES;
				ENABLE_TESTABILITY = YES;
				ENABLE_USER_SCRIPT_SANDBOXING = YES;
				EXCLUDED_ARCHS = "";
				GCC_C_LANGUAGE_STANDARD = gnu17;
				GCC_DYNAMIC_NO_PIC = NO;
				GCC_NO_COMMON_BLOCKS = YES;
				GCC_OPTIMIZATION_LEVEL = 0;
				GCC_PREPROCESSOR_DEFINITIONS = (
					"DEBUG=1",
					"$(inherited)",
				);
				GCC_WARN_64_TO_32_BIT_CONVERSION = YES;
				GCC_WARN_ABOUT_RETURN_TYPE = YES_ERROR;
				GCC_WARN_UNDECLARED_SELECTOR = YES;
				GCC_WARN_UNINITIALIZED_AUTOS = YES_AGGRESSIVE;
				GCC_WARN_UNUSED_FUNCTION = YES;
				GCC_WARN_UNUSED_VARIABLE = YES;
				IPHONEOS_DEPLOYMENT_TARGET = 16.0;
				LOCALIZATION_PREFERS_STRING_CATALOGS = YES;
				MTL_ENABLE_DEBUG_INFO = INCLUDE_SOURCE;
				MTL_FAST_MATH = YES;
				ONLY_ACTIVE_ARCH = YES;
				SDKROOT = iphoneos;
				SWIFT_ACTIVE_COMPILATION_CONDITIONS = "DEBUG $(inherited)";
				SWIFT_OPTIMIZATION_LEVEL = "-Onone";
			};
			name = Debug;
		};
		7AC1B88D2B5C321100C8F568 /* Release */ = {
			isa = XCBuildConfiguration;
			buildSettings = {
				ALWAYS_SEARCH_USER_PATHS = NO;
				ASSETCATALOG_COMPILER_GENERATE_SWIFT_ASSET_SYMBOL_EXTENSIONS = YES;
				CLANG_ANALYZER_NONNULL = YES;
				CLANG_ANALYZER_NUMBER_OBJECT_CONVERSION = YES_AGGRESSIVE;
				CLANG_CXX_LANGUAGE_STANDARD = "gnu++20";
				CLANG_ENABLE_MODULES = YES;
				CLANG_ENABLE_OBJC_ARC = YES;
				CLANG_ENABLE_OBJC_WEAK = YES;
				CLANG_WARN_BLOCK_CAPTURE_AUTORELEASING = YES;
				CLANG_WARN_BOOL_CONVERSION = YES;
				CLANG_WARN_COMMA = YES;
				CLANG_WARN_CONSTANT_CONVERSION = YES;
				CLANG_WARN_DEPRECATED_OBJC_IMPLEMENTATIONS = YES;
				CLANG_WARN_DIRECT_OBJC_ISA_USAGE = YES_ERROR;
				CLANG_WARN_DOCUMENTATION_COMMENTS = YES;
				CLANG_WARN_EMPTY_BODY = YES;
				CLANG_WARN_ENUM_CONVERSION = YES;
				CLANG_WARN_INFINITE_RECURSION = YES;
				CLANG_WARN_INT_CONVERSION = YES;
				CLANG_WARN_NON_LITERAL_NULL_CONVERSION = YES;
				CLANG_WARN_OBJC_IMPLICIT_RETAIN_SELF = YES;
				CLANG_WARN_OBJC_LITERAL_CONVERSION = YES;
				CLANG_WARN_OBJC_ROOT_CLASS = YES_ERROR;
				CLANG_WARN_QUOTED_INCLUDE_IN_FRAMEWORK_HEADER = YES;
				CLANG_WARN_RANGE_LOOP_ANALYSIS = YES;
				CLANG_WARN_STRICT_PROTOTYPES = YES;
				CLANG_WARN_SUSPICIOUS_MOVE = YES;
				CLANG_WARN_UNGUARDED_AVAILABILITY = YES_AGGRESSIVE;
				CLANG_WARN_UNREACHABLE_CODE = YES;
				CLANG_WARN__DUPLICATE_METHOD_MATCH = YES;
				COPY_PHASE_STRIP = NO;
				DEBUG_INFORMATION_FORMAT = "dwarf-with-dsym";
				ENABLE_NS_ASSERTIONS = NO;
				ENABLE_STRICT_OBJC_MSGSEND = YES;
				ENABLE_USER_SCRIPT_SANDBOXING = YES;
				EXCLUDED_ARCHS = "";
				GCC_C_LANGUAGE_STANDARD = gnu17;
				GCC_NO_COMMON_BLOCKS = YES;
				GCC_WARN_64_TO_32_BIT_CONVERSION = YES;
				GCC_WARN_ABOUT_RETURN_TYPE = YES_ERROR;
				GCC_WARN_UNDECLARED_SELECTOR = YES;
				GCC_WARN_UNINITIALIZED_AUTOS = YES_AGGRESSIVE;
				GCC_WARN_UNUSED_FUNCTION = YES;
				GCC_WARN_UNUSED_VARIABLE = YES;
				IPHONEOS_DEPLOYMENT_TARGET = 16.0;
				LOCALIZATION_PREFERS_STRING_CATALOGS = YES;
				MTL_ENABLE_DEBUG_INFO = NO;
				MTL_FAST_MATH = YES;
				SDKROOT = iphoneos;
				SWIFT_COMPILATION_MODE = wholemodule;
				VALIDATE_PRODUCT = YES;
			};
			name = Release;
		};
		7AC1B88F2B5C321100C8F568 /* Debug */ = {
			isa = XCBuildConfiguration;
			buildSettings = {
				ASSETCATALOG_COMPILER_APPICON_NAME = AppIcon;
				ASSETCATALOG_COMPILER_GLOBAL_ACCENT_COLOR_NAME = AccentColor;
				CODE_SIGN_STYLE = Automatic;
				CURRENT_PROJECT_VERSION = 1;
				DEVELOPMENT_ASSET_PATHS = "";
				DEVELOPMENT_TEAM = 9RY44N87S7;
				ENABLE_PREVIEWS = YES;
				ENABLE_USER_SCRIPT_SANDBOXING = NO;
				GENERATE_INFOPLIST_FILE = YES;
				INFOPLIST_FILE = "";
				INFOPLIST_KEY_CFBundleDisplayName = RoomieRadar;
				INFOPLIST_KEY_LSApplicationCategoryType = "public.app-category.social-networking";
				INFOPLIST_KEY_UIApplicationSceneManifest_Generation = YES;
				INFOPLIST_KEY_UIApplicationSupportsIndirectInputEvents = YES;
				INFOPLIST_KEY_UILaunchScreen_Generation = YES;
				INFOPLIST_KEY_UISupportedInterfaceOrientations = UIInterfaceOrientationPortrait;
				INFOPLIST_KEY_UISupportedInterfaceOrientations_iPad = "UIInterfaceOrientationLandscapeLeft UIInterfaceOrientationLandscapeRight UIInterfaceOrientationPortrait UIInterfaceOrientationPortraitUpsideDown";
				IPHONEOS_DEPLOYMENT_TARGET = 16.0;
				LD_RUNPATH_SEARCH_PATHS = (
					"$(inherited)",
					"@executable_path/Frameworks",
				);
				MARKETING_VERSION = 1.0;
				PRODUCT_BUNDLE_IDENTIFIER = "Maximillian-Stabe.RoomieRadar";
				PRODUCT_NAME = "$(TARGET_NAME)";
				SUPPORTED_PLATFORMS = "iphoneos iphonesimulator";
				SUPPORTS_MACCATALYST = NO;
				SUPPORTS_MAC_DESIGNED_FOR_IPHONE_IPAD = NO;
				SUPPORTS_XR_DESIGNED_FOR_IPHONE_IPAD = NO;
				SWIFT_EMIT_LOC_STRINGS = YES;
				SWIFT_VERSION = 5.0;
				TARGETED_DEVICE_FAMILY = 1;
			};
			name = Debug;
		};
		7AC1B8902B5C321100C8F568 /* Release */ = {
			isa = XCBuildConfiguration;
			buildSettings = {
				ASSETCATALOG_COMPILER_APPICON_NAME = AppIcon;
				ASSETCATALOG_COMPILER_GLOBAL_ACCENT_COLOR_NAME = AccentColor;
				CODE_SIGN_STYLE = Automatic;
				CURRENT_PROJECT_VERSION = 1;
				DEVELOPMENT_ASSET_PATHS = "";
				DEVELOPMENT_TEAM = 9RY44N87S7;
				ENABLE_PREVIEWS = YES;
				ENABLE_USER_SCRIPT_SANDBOXING = NO;
				GENERATE_INFOPLIST_FILE = YES;
				INFOPLIST_FILE = "";
				INFOPLIST_KEY_CFBundleDisplayName = RoomieRadar;
				INFOPLIST_KEY_LSApplicationCategoryType = "public.app-category.social-networking";
				INFOPLIST_KEY_UIApplicationSceneManifest_Generation = YES;
				INFOPLIST_KEY_UIApplicationSupportsIndirectInputEvents = YES;
				INFOPLIST_KEY_UILaunchScreen_Generation = YES;
				INFOPLIST_KEY_UISupportedInterfaceOrientations = UIInterfaceOrientationPortrait;
				INFOPLIST_KEY_UISupportedInterfaceOrientations_iPad = "UIInterfaceOrientationLandscapeLeft UIInterfaceOrientationLandscapeRight UIInterfaceOrientationPortrait UIInterfaceOrientationPortraitUpsideDown";
				IPHONEOS_DEPLOYMENT_TARGET = 16.0;
				LD_RUNPATH_SEARCH_PATHS = (
					"$(inherited)",
					"@executable_path/Frameworks",
				);
				MARKETING_VERSION = 1.0;
				PRODUCT_BUNDLE_IDENTIFIER = "Maximillian-Stabe.RoomieRadar";
				PRODUCT_NAME = "$(TARGET_NAME)";
				SUPPORTED_PLATFORMS = "iphoneos iphonesimulator";
				SUPPORTS_MACCATALYST = NO;
				SUPPORTS_MAC_DESIGNED_FOR_IPHONE_IPAD = NO;
				SUPPORTS_XR_DESIGNED_FOR_IPHONE_IPAD = NO;
				SWIFT_EMIT_LOC_STRINGS = YES;
				SWIFT_VERSION = 5.0;
				TARGETED_DEVICE_FAMILY = 1;
			};
			name = Release;
		};
/* End XCBuildConfiguration section */

/* Begin XCConfigurationList section */
		7AB564F22B5C5D86009316A1 /* Build configuration list for PBXAggregateTarget "SwiftGen Generate" */ = {
			isa = XCConfigurationList;
			buildConfigurations = (
				7AB564F32B5C5D86009316A1 /* Debug */,
				7AB564F42B5C5D86009316A1 /* Release */,
			);
			defaultConfigurationIsVisible = 0;
			defaultConfigurationName = Release;
		};
		7AC1B87B2B5C321000C8F568 /* Build configuration list for PBXProject "RoomieRadar" */ = {
			isa = XCConfigurationList;
			buildConfigurations = (
				7AC1B88C2B5C321100C8F568 /* Debug */,
				7AC1B88D2B5C321100C8F568 /* Release */,
			);
			defaultConfigurationIsVisible = 0;
			defaultConfigurationName = Release;
		};
		7AC1B88E2B5C321100C8F568 /* Build configuration list for PBXNativeTarget "RoomieRadar" */ = {
			isa = XCConfigurationList;
			buildConfigurations = (
				7AC1B88F2B5C321100C8F568 /* Debug */,
				7AC1B8902B5C321100C8F568 /* Release */,
			);
			defaultConfigurationIsVisible = 0;
			defaultConfigurationName = Release;
		};
/* End XCConfigurationList section */

/* Begin XCRemoteSwiftPackageReference section */
		7AB5650E2B5D80EE009316A1 /* XCRemoteSwiftPackageReference "firebase-ios-sdk" */ = {
			isa = XCRemoteSwiftPackageReference;
			repositoryURL = "https://github.com/firebase/firebase-ios-sdk";
			requirement = {
				kind = upToNextMajorVersion;
				minimumVersion = 10.20.0;
			};
		};
/* End XCRemoteSwiftPackageReference section */

/* Begin XCSwiftPackageProductDependency section */
		7AB5650F2B5D80EE009316A1 /* FirebaseAnalytics */ = {
			isa = XCSwiftPackageProductDependency;
			package = 7AB5650E2B5D80EE009316A1 /* XCRemoteSwiftPackageReference "firebase-ios-sdk" */;
			productName = FirebaseAnalytics;
		};
		7AB565112B5D80EE009316A1 /* FirebaseAnalyticsSwift */ = {
			isa = XCSwiftPackageProductDependency;
			package = 7AB5650E2B5D80EE009316A1 /* XCRemoteSwiftPackageReference "firebase-ios-sdk" */;
			productName = FirebaseAnalyticsSwift;
		};
		7AB565132B5D80EE009316A1 /* FirebaseAuth */ = {
			isa = XCSwiftPackageProductDependency;
			package = 7AB5650E2B5D80EE009316A1 /* XCRemoteSwiftPackageReference "firebase-ios-sdk" */;
			productName = FirebaseAuth;
		};
		7AB565152B5D80EE009316A1 /* FirebaseCrashlytics */ = {
			isa = XCSwiftPackageProductDependency;
			package = 7AB5650E2B5D80EE009316A1 /* XCRemoteSwiftPackageReference "firebase-ios-sdk" */;
			productName = FirebaseCrashlytics;
		};
		7AB565172B5D80EE009316A1 /* FirebaseDatabaseSwift */ = {
			isa = XCSwiftPackageProductDependency;
			package = 7AB5650E2B5D80EE009316A1 /* XCRemoteSwiftPackageReference "firebase-ios-sdk" */;
			productName = FirebaseDatabaseSwift;
		};
		7AB565192B5D80EE009316A1 /* FirebaseFirestore */ = {
			isa = XCSwiftPackageProductDependency;
			package = 7AB5650E2B5D80EE009316A1 /* XCRemoteSwiftPackageReference "firebase-ios-sdk" */;
			productName = FirebaseFirestore;
		};
		7AB5651B2B5D80EE009316A1 /* FirebaseFirestoreSwift */ = {
			isa = XCSwiftPackageProductDependency;
			package = 7AB5650E2B5D80EE009316A1 /* XCRemoteSwiftPackageReference "firebase-ios-sdk" */;
			productName = FirebaseFirestoreSwift;
		};
		7AB5651D2B5D80EE009316A1 /* FirebaseStorage */ = {
			isa = XCSwiftPackageProductDependency;
			package = 7AB5650E2B5D80EE009316A1 /* XCRemoteSwiftPackageReference "firebase-ios-sdk" */;
			productName = FirebaseStorage;
		};
		7ADCBE8D2B63968000AF2C3A /* RoomieRadarCoreData */ = {
			isa = XCSwiftPackageProductDependency;
			productName = RoomieRadarCoreData;
		};
		7AEE63462B63D77C0024A43D /* Styleguide */ = {
			isa = XCSwiftPackageProductDependency;
			productName = Styleguide;
		};
		7AEE63482B63D7800024A43D /* UIComponents */ = {
			isa = XCSwiftPackageProductDependency;
			productName = UIComponents;
		};
/* End XCSwiftPackageProductDependency section */
	};
	rootObject = 7AC1B8782B5C321000C8F568 /* Project object */;
}
